
Microsoft Visual Studio Solution File, Format Version 12.00
# Visual Studio Version 17
VisualStudioVersion = 17.4.33205.214
MinimumVisualStudioVersion = 10.0.40219.1
Project("{FAE04EC0-301F-11D3-BF4B-00C04F79EFBC}") = "G02_WebGallery", "G02_WebGallery\G02_WebGallery.csproj", "{0D66FDB6-E4A7-406D-A529-ABC3884A7CBC}"
EndProject
Global
	GlobalSection(SolutionConfigurationPlatforms) = preSolution
		Debug|Any CPU = Debug|Any CPU
		Release|Any CPU = Release|Any CPU
	EndGlobalSection
	GlobalSection(ProjectConfigurationPlatforms) = postSolution
		{0D66FDB6-E4A7-406D-A529-ABC3884A7CBC}.Debug|Any CPU.ActiveCfg = Debug|Any CPU
		{0D66FDB6-E4A7-406D-A529-ABC3884A7CBC}.Debug|Any CPU.Build.0 = Debug|Any CPU
		{0D66FDB6-E4A7-406D-A529-ABC3884A7CBC}.Release|Any CPU.ActiveCfg = Release|Any CPU
		{0D66FDB6-E4A7-406D-A529-ABC3884A7CBC}.Release|Any CPU.Build.0 = Release|Any CPU
	EndGlobalSection
	GlobalSection(SolutionProperties) = preSolution
		HideSolutionNode = FALSE
	EndGlobalSection
	GlobalSection(ExtensibilityGlobals) = postSolution
		SolutionGuid = {1A526F6F-A816-4ED5-B55D-2B3486D2D137}
	EndGlobalSection
EndGlobal
